
Microsoft Visual Studio Solution File, Format Version 12.00
# Visual Studio Version 16
VisualStudioVersion = 16.0.30517.126
MinimumVisualStudioVersion = 10.0.40219.1
Project("{2150E333-8FDC-42A3-9474-1A3956D46DE8}") = "Server Side", "Server Side", "{BD6AA3DA-72AF-4C35-B150-C39604565CAA}"
EndProject
Project("{2150E333-8FDC-42A3-9474-1A3956D46DE8}") = "Client Side", "Client Side", "{F6E18726-D694-4C71-A3F2-BC2F71108480}"
EndProject
Project("{8BC9CEB8-8B4A-11D0-8D11-00A0C91BC942}") = "GameServer", "src\_server projects\GameServer\GameServer.vcxproj", "{93F80160-07A8-42A6-B46C-70B72AFF74C4}"
EndProject
Project("{8BC9CEB8-8B4A-11D0-8D11-00A0C91BC942}") = "ConnectServer", "src\_server projects\ConnectServer\ConnectServer.vcxproj", "{206DE6CA-4B65-4027-B96D-69DBC02AEF53}"
EndProject
Project("{8BC9CEB8-8B4A-11D0-8D11-00A0C91BC942}") = "DataServer", "src\_server projects\DataServer\DataServer.vcxproj", "{DCCBB883-D3B5-486A-8658-4E469C575023}"
EndProject
Project("{8BC9CEB8-8B4A-11D0-8D11-00A0C91BC942}") = "JoinServer", "src\_server projects\JoinServer\JoinServer.vcxproj", "{1BEFA73B-17C6-4E97-A35F-A4CBFA7678A1}"
EndProject
Project("{8BC9CEB8-8B4A-11D0-8D11-00A0C91BC942}") = "Main_Ex401", "src\_client projects\Main_EX401\Main.vcxproj", "{8CEE92DB-9F87-4658-9B58-215C7319C44E}"
EndProject
Project("{2150E333-8FDC-42A3-9474-1A3956D46DE8}") = "Tool", "Tool", "{0227BAB5-3BEC-4CE4-B6D1-D9E3D168C2F8}"
EndProject
Project("{8BC9CEB8-8B4A-11D0-8D11-00A0C91BC942}") = "GetMainInfo", "src\_tool projects\GetMainInfo\GetMainInfo.vcxproj", "{99FEE110-4599-4DF9-A022-7CD4A72F9649}"
EndProject
Global
	GlobalSection(SolutionConfigurationPlatforms) = preSolution
		Debug|x86 = Debug|x86
		Release_Ex401|x86 = Release_Ex401|x86
		Release_EX401CS|x86 = Release_EX401CS|x86
		Release_Ex603|x86 = Release_Ex603|x86
		Release_EX603CS|x86 = Release_EX603CS|x86
		Release_Ex803|x86 = Release_Ex803|x86
		Release_EX803CS|x86 = Release_EX803CS|x86
		Release|x86 = Release|x86
	EndGlobalSection
	GlobalSection(ProjectConfigurationPlatforms) = postSolution
		{93F80160-07A8-42A6-B46C-70B72AFF74C4}.Debug|x86.ActiveCfg = Debug|Win32
		{93F80160-07A8-42A6-B46C-70B72AFF74C4}.Debug|x86.Build.0 = Debug|Win32
		{93F80160-07A8-42A6-B46C-70B72AFF74C4}.Release_Ex401|x86.ActiveCfg = Release_EX401|Win32
		{93F80160-07A8-42A6-B46C-70B72AFF74C4}.Release_Ex401|x86.Build.0 = Release_EX401|Win32
		{93F80160-07A8-42A6-B46C-70B72AFF74C4}.Release_EX401CS|x86.ActiveCfg = Release_EX401CS|Win32
		{93F80160-07A8-42A6-B46C-70B72AFF74C4}.Release_EX401CS|x86.Build.0 = Release_EX401CS|Win32
		{93F80160-07A8-42A6-B46C-70B72AFF74C4}.Release_Ex603|x86.ActiveCfg = Release_EX603|Win32
		{93F80160-07A8-42A6-B46C-70B72AFF74C4}.Release_Ex603|x86.Build.0 = Release_EX603|Win32
		{93F80160-07A8-42A6-B46C-70B72AFF74C4}.Release_EX603CS|x86.ActiveCfg = Release_EX603CS|Win32
		{93F80160-07A8-42A6-B46C-70B72AFF74C4}.Release_EX603CS|x86.Build.0 = Release_EX603CS|Win32
		{93F80160-07A8-42A6-B46C-70B72AFF74C4}.Release_Ex803|x86.ActiveCfg = Release_EX803|Win32
		{93F80160-07A8-42A6-B46C-70B72AFF74C4}.Release_Ex803|x86.Build.0 = Release_EX803|Win32
		{93F80160-07A8-42A6-B46C-70B72AFF74C4}.Release_EX803CS|x86.ActiveCfg = Release_EX803CS|Win32
		{93F80160-07A8-42A6-B46C-70B72AFF74C4}.Release_EX803CS|x86.Build.0 = Release_EX803CS|Win32
		{93F80160-07A8-42A6-B46C-70B72AFF74C4}.Release|x86.ActiveCfg = Release_EX401|Win32
		{93F80160-07A8-42A6-B46C-70B72AFF74C4}.Release|x86.Build.0 = Release_EX401|Win32
		{206DE6CA-4B65-4027-B96D-69DBC02AEF53}.Debug|x86.ActiveCfg = Debug|Win32
		{206DE6CA-4B65-4027-B96D-69DBC02AEF53}.Debug|x86.Build.0 = Debug|Win32
		{206DE6CA-4B65-4027-B96D-69DBC02AEF53}.Release_Ex401|x86.ActiveCfg = Release_Ex401|Win32
		{206DE6CA-4B65-4027-B96D-69DBC02AEF53}.Release_Ex401|x86.Build.0 = Release_Ex401|Win32
		{206DE6CA-4B65-4027-B96D-69DBC02AEF53}.Release_EX401CS|x86.ActiveCfg = Release_Ex401|Win32
		{206DE6CA-4B65-4027-B96D-69DBC02AEF53}.Release_EX401CS|x86.Build.0 = Release_Ex401|Win32
		{206DE6CA-4B65-4027-B96D-69DBC02AEF53}.Release_Ex603|x86.ActiveCfg = Release_Ex603|Win32
		{206DE6CA-4B65-4027-B96D-69DBC02AEF53}.Release_Ex603|x86.Build.0 = Release_Ex603|Win32
		{206DE6CA-4B65-4027-B96D-69DBC02AEF53}.Release_EX603CS|x86.ActiveCfg = Release_Ex603|Win32
		{206DE6CA-4B65-4027-B96D-69DBC02AEF53}.Release_EX603CS|x86.Build.0 = Release_Ex603|Win32
		{206DE6CA-4B65-4027-B96D-69DBC02AEF53}.Release_Ex803|x86.ActiveCfg = Release_Ex803|Win32
		{206DE6CA-4B65-4027-B96D-69DBC02AEF53}.Release_Ex803|x86.Build.0 = Release_Ex803|Win32
		{206DE6CA-4B65-4027-B96D-69DBC02AEF53}.Release_EX803CS|x86.ActiveCfg = Release_Ex803|Win32
		{206DE6CA-4B65-4027-B96D-69DBC02AEF53}.Release_EX803CS|x86.Build.0 = Release_Ex803|Win32
		{206DE6CA-4B65-4027-B96D-69DBC02AEF53}.Release|x86.ActiveCfg = Release_Ex401|Win32
		{206DE6CA-4B65-4027-B96D-69DBC02AEF53}.Release|x86.Build.0 = Release_Ex401|Win32
		{DCCBB883-D3B5-486A-8658-4E469C575023}.Debug|x86.ActiveCfg = Debug|Win32
		{DCCBB883-D3B5-486A-8658-4E469C575023}.Debug|x86.Build.0 = Debug|Win32
		{DCCBB883-D3B5-486A-8658-4E469C575023}.Release_Ex401|x86.ActiveCfg = Release_EX401|Win32
		{DCCBB883-D3B5-486A-8658-4E469C575023}.Release_Ex401|x86.Build.0 = Release_EX401|Win32
		{DCCBB883-D3B5-486A-8658-4E469C575023}.Release_EX401CS|x86.ActiveCfg = Release_EX401|Win32
		{DCCBB883-D3B5-486A-8658-4E469C575023}.Release_EX401CS|x86.Build.0 = Release_EX401|Win32
		{DCCBB883-D3B5-486A-8658-4E469C575023}.Release_Ex603|x86.ActiveCfg = Release_EX603|Win32
		{DCCBB883-D3B5-486A-8658-4E469C575023}.Release_Ex603|x86.Build.0 = Release_EX603|Win32
		{DCCBB883-D3B5-486A-8658-4E469C575023}.Release_EX603CS|x86.ActiveCfg = Release_EX603|Win32
		{DCCBB883-D3B5-486A-8658-4E469C575023}.Release_EX603CS|x86.Build.0 = Release_EX603|Win32
		{DCCBB883-D3B5-486A-8658-4E469C575023}.Release_Ex803|x86.ActiveCfg = Release_EX803|Win32
		{DCCBB883-D3B5-486A-8658-4E469C575023}.Release_Ex803|x86.Build.0 = Release_EX803|Win32
		{DCCBB883-D3B5-486A-8658-4E469C575023}.Release_EX803CS|x86.ActiveCfg = Release_EX803|Win32
		{DCCBB883-D3B5-486A-8658-4E469C575023}.Release_EX803CS|x86.Build.0 = Release_EX803|Win32
		{DCCBB883-D3B5-486A-8658-4E469C575023}.Release|x86.ActiveCfg = Release_EX401|Win32
		{DCCBB883-D3B5-486A-8658-4E469C575023}.Release|x86.Build.0 = Release_EX401|Win32
		{1BEFA73B-17C6-4E97-A35F-A4CBFA7678A1}.Debug|x86.ActiveCfg = Debug|Win32
		{1BEFA73B-17C6-4E97-A35F-A4CBFA7678A1}.Debug|x86.Build.0 = Debug|Win32
		{1BEFA73B-17C6-4E97-A35F-A4CBFA7678A1}.Release_Ex401|x86.ActiveCfg = Release_EX401|Win32
		{1BEFA73B-17C6-4E97-A35F-A4CBFA7678A1}.Release_Ex401|x86.Build.0 = Release_EX401|Win32
		{1BEFA73B-17C6-4E97-A35F-A4CBFA7678A1}.Release_EX401CS|x86.ActiveCfg = Release_EX401|Win32
		{1BEFA73B-17C6-4E97-A35F-A4CBFA7678A1}.Release_EX401CS|x86.Build.0 = Release_EX401|Win32
		{1BEFA73B-17C6-4E97-A35F-A4CBFA7678A1}.Release_Ex603|x86.ActiveCfg = Release_EX603|Win32
		{1BEFA73B-17C6-4E97-A35F-A4CBFA7678A1}.Release_Ex603|x86.Build.0 = Release_EX603|Win32
		{1BEFA73B-17C6-4E97-A35F-A4CBFA7678A1}.Release_EX603CS|x86.ActiveCfg = Release_EX603|Win32
		{1BEFA73B-17C6-4E97-A35F-A4CBFA7678A1}.Release_EX603CS|x86.Build.0 = Release_EX603|Win32
		{1BEFA73B-17C6-4E97-A35F-A4CBFA7678A1}.Release_Ex803|x86.ActiveCfg = Release_EX803|Win32
		{1BEFA73B-17C6-4E97-A35F-A4CBFA7678A1}.Release_Ex803|x86.Build.0 = Release_EX803|Win32
		{1BEFA73B-17C6-4E97-A35F-A4CBFA7678A1}.Release_EX803CS|x86.ActiveCfg = Release_EX803|Win32
		{1BEFA73B-17C6-4E97-A35F-A4CBFA7678A1}.Release_EX803CS|x86.Build.0 = Release_EX803|Win32
		{1BEFA73B-17C6-4E97-A35F-A4CBFA7678A1}.Release|x86.ActiveCfg = Release_EX401|Win32
		{1BEFA73B-17C6-4E97-A35F-A4CBFA7678A1}.Release|x86.Build.0 = Release_EX401|Win32
		{8CEE92DB-9F87-4658-9B58-215C7319C44E}.Debug|x86.ActiveCfg = Debug|Win32
		{8CEE92DB-9F87-4658-9B58-215C7319C44E}.Debug|x86.Build.0 = Debug|Win32
		{8CEE92DB-9F87-4658-9B58-215C7319C44E}.Release_Ex401|x86.ActiveCfg = Release|Win32
		{8CEE92DB-9F87-4658-9B58-215C7319C44E}.Release_Ex401|x86.Build.0 = Release|Win32
		{8CEE92DB-9F87-4658-9B58-215C7319C44E}.Release_EX401CS|x86.ActiveCfg = Release|Win32
		{8CEE92DB-9F87-4658-9B58-215C7319C44E}.Release_EX401CS|x86.Build.0 = Release|Win32
		{8CEE92DB-9F87-4658-9B58-215C7319C44E}.Release_Ex603|x86.ActiveCfg = Release|Win32
		{8CEE92DB-9F87-4658-9B58-215C7319C44E}.Release_Ex603|x86.Build.0 = Release|Win32
		{8CEE92DB-9F87-4658-9B58-215C7319C44E}.Release_EX603CS|x86.ActiveCfg = Release|Win32
		{8CEE92DB-9F87-4658-9B58-215C7319C44E}.Release_EX603CS|x86.Build.0 = Release|Win32
		{8CEE92DB-9F87-4658-9B58-215C7319C44E}.Release_Ex803|x86.ActiveCfg = Release|Win32
		{8CEE92DB-9F87-4658-9B58-215C7319C44E}.Release_Ex803|x86.Build.0 = Release|Win32
		{8CEE92DB-9F87-4658-9B58-215C7319C44E}.Release_EX803CS|x86.ActiveCfg = Release|Win32
		{8CEE92DB-9F87-4658-9B58-215C7319C44E}.Release_EX803CS|x86.Build.0 = Release|Win32
		{8CEE92DB-9F87-4658-9B58-215C7319C44E}.Release|x86.ActiveCfg = Release|Win32
		{8CEE92DB-9F87-4658-9B58-215C7319C44E}.Release|x86.Build.0 = Release|Win32
		{99FEE110-4599-4DF9-A022-7CD4A72F9649}.Debug|x86.ActiveCfg = Debug|Win32
		{99FEE110-4599-4DF9-A022-7CD4A72F9649}.Debug|x86.Build.0 = Debug|Win32
		{99FEE110-4599-4DF9-A022-7CD4A72F9649}.Release_Ex401|x86.ActiveCfg = Release|Win32
		{99FEE110-4599-4DF9-A022-7CD4A72F9649}.Release_Ex401|x86.Build.0 = Release|Win32
		{99FEE110-4599-4DF9-A022-7CD4A72F9649}.Release_EX401CS|x86.ActiveCfg = Release|Win32
		{99FEE110-4599-4DF9-A022-7CD4A72F9649}.Release_EX401CS|x86.Build.0 = Release|Win32
		{99FEE110-4599-4DF9-A022-7CD4A72F9649}.Release_Ex603|x86.ActiveCfg = Release|Win32
		{99FEE110-4599-4DF9-A022-7CD4A72F9649}.Release_Ex603|x86.Build.0 = Release|Win32
		{99FEE110-4599-4DF9-A022-7CD4A72F9649}.Release_EX603CS|x86.ActiveCfg = Release|Win32
		{99FEE110-4599-4DF9-A022-7CD4A72F9649}.Release_EX603CS|x86.Build.0 = Release|Win32
		{99FEE110-4599-4DF9-A022-7CD4A72F9649}.Release_Ex803|x86.ActiveCfg = Release|Win32
		{99FEE110-4599-4DF9-A022-7CD4A72F9649}.Release_Ex803|x86.Build.0 = Release|Win32
		{99FEE110-4599-4DF9-A022-7CD4A72F9649}.Release_EX803CS|x86.ActiveCfg = Release|Win32
		{99FEE110-4599-4DF9-A022-7CD4A72F9649}.Release_EX803CS|x86.Build.0 = Release|Win32
		{99FEE110-4599-4DF9-A022-7CD4A72F9649}.Release|x86.ActiveCfg = Release|Win32
		{99FEE110-4599-4DF9-A022-7CD4A72F9649}.Release|x86.Build.0 = Release|Win32
	EndGlobalSection
	GlobalSection(SolutionProperties) = preSolution
		HideSolutionNode = FALSE
	EndGlobalSection
	GlobalSection(NestedProjects) = preSolution
		{93F80160-07A8-42A6-B46C-70B72AFF74C4} = {BD6AA3DA-72AF-4C35-B150-C39604565CAA}
		{206DE6CA-4B65-4027-B96D-69DBC02AEF53} = {BD6AA3DA-72AF-4C35-B150-C39604565CAA}
		{DCCBB883-D3B5-486A-8658-4E469C575023} = {BD6AA3DA-72AF-4C35-B150-C39604565CAA}
		{1BEFA73B-17C6-4E97-A35F-A4CBFA7678A1} = {BD6AA3DA-72AF-4C35-B150-C39604565CAA}
		{8CEE92DB-9F87-4658-9B58-215C7319C44E} = {F6E18726-D694-4C71-A3F2-BC2F71108480}
		{99FEE110-4599-4DF9-A022-7CD4A72F9649} = {0227BAB5-3BEC-4CE4-B6D1-D9E3D168C2F8}
	EndGlobalSection
	GlobalSection(ExtensibilityGlobals) = postSolution
		SolutionGuid = {D4251721-EE32-4F9A-A513-3508FB4FA4CA}
	EndGlobalSection
EndGlobal
